// !$*UTF8*$!
{
	archiveVersion = 1;
	classes = {
	};
	objectVersion = 56;
	objects = {

/* Begin PBXBuildFile section */
		291FA73B2CC55CAA00747E7C /* LessonComponentView.swift in Sources */ = {isa = PBXBuildFile; fileRef = 291FA73A2CC55CAA00747E7C /* LessonComponentView.swift */; };
		291FA73C2CC55CAA00747E7C /* LessonComponentView.swift in Sources */ = {isa = PBXBuildFile; fileRef = 291FA73A2CC55CAA00747E7C /* LessonComponentView.swift */; };
		292193562CBE90EA00084BE3 /* Day.swift in Sources */ = {isa = PBXBuildFile; fileRef = 292193552CBE90EA00084BE3 /* Day.swift */; };
		292193572CBE90EA00084BE3 /* Day.swift in Sources */ = {isa = PBXBuildFile; fileRef = 292193552CBE90EA00084BE3 /* Day.swift */; };
		292193582CBE932B00084BE3 /* DateComponentView.swift in Sources */ = {isa = PBXBuildFile; fileRef = 29BA08E12CBC369100C7A7BA /* DateComponentView.swift */; };
		297F9D6D2CCA51D9002E41C3 /* utils.swift in Sources */ = {isa = PBXBuildFile; fileRef = 297F9D6C2CCA51D9002E41C3 /* utils.swift */; };
		297F9D6E2CCA51DB002E41C3 /* utils.swift in Sources */ = {isa = PBXBuildFile; fileRef = 297F9D6C2CCA51D9002E41C3 /* utils.swift */; };
		29965F532CC6B34500C43998 /* WeeksScrollComponentView.swift in Sources */ = {isa = PBXBuildFile; fileRef = 29965F522CC6B34500C43998 /* WeeksScrollComponentView.swift */; };
		29BA08E22CBC369100C7A7BA /* DateComponentView.swift in Sources */ = {isa = PBXBuildFile; fileRef = 29BA08E12CBC369100C7A7BA /* DateComponentView.swift */; };
		29BA08E52CBC393800C7A7BA /* Inter-VariableFont_opsz,wght.ttf in Resources */ = {isa = PBXBuildFile; fileRef = 29BA08E42CBC393800C7A7BA /* Inter-VariableFont_opsz,wght.ttf */; };
		29BA08E62CBC393800C7A7BA /* Inter-VariableFont_opsz,wght.ttf in Resources */ = {isa = PBXBuildFile; fileRef = 29BA08E42CBC393800C7A7BA /* Inter-VariableFont_opsz,wght.ttf */; };
		29BA08E92CBC5BF400C7A7BA /* WeekComponentView.swift in Sources */ = {isa = PBXBuildFile; fileRef = 29BA08E82CBC5BF400C7A7BA /* WeekComponentView.swift */; };
		29BA08EA2CBC5BF400C7A7BA /* WeekComponentView.swift in Sources */ = {isa = PBXBuildFile; fileRef = 29BA08E82CBC5BF400C7A7BA /* WeekComponentView.swift */; };
		D03EBE082CB993E800BAA865 /* frontendApp.swift in Sources */ = {isa = PBXBuildFile; fileRef = D03EBE072CB993E800BAA865 /* frontendApp.swift */; };
		D03EBE0C2CB993E900BAA865 /* Assets.xcassets in Resources */ = {isa = PBXBuildFile; fileRef = D03EBE0B2CB993E900BAA865 /* Assets.xcassets */; };
		D03EBE0F2CB993E900BAA865 /* Preview Assets.xcassets in Resources */ = {isa = PBXBuildFile; fileRef = D03EBE0E2CB993E900BAA865 /* Preview Assets.xcassets */; };
		D03EBE1A2CB99A6400BAA865 /* .gitignore in Resources */ = {isa = PBXBuildFile; fileRef = D03EBE192CB99A6400BAA865 /* .gitignore */; };
		D03EBE262CB99D3F00BAA865 /* User.swift in Sources */ = {isa = PBXBuildFile; fileRef = D03EBE252CB99D3F00BAA865 /* User.swift */; };
		D03EBE282CB99D5200BAA865 /* Grade.swift in Sources */ = {isa = PBXBuildFile; fileRef = D03EBE272CB99D5200BAA865 /* Grade.swift */; };
		D03EBE2C2CB99D7C00BAA865 /* AuthViewModel.swift in Sources */ = {isa = PBXBuildFile; fileRef = D03EBE2B2CB99D7C00BAA865 /* AuthViewModel.swift */; };
		D03EBE2E2CB99D8E00BAA865 /* HomeViewModel.swift in Sources */ = {isa = PBXBuildFile; fileRef = D03EBE2D2CB99D8E00BAA865 /* HomeViewModel.swift */; };
		D03EBE302CB99DA600BAA865 /* ScheduleViewModel.swift in Sources */ = {isa = PBXBuildFile; fileRef = D03EBE2F2CB99DA600BAA865 /* ScheduleViewModel.swift */; };
		D03EBE322CB99DB500BAA865 /* ProfileViewModel.swift in Sources */ = {isa = PBXBuildFile; fileRef = D03EBE312CB99DB500BAA865 /* ProfileViewModel.swift */; };
		D03EBE342CB99DC400BAA865 /* GradesViewModel.swift in Sources */ = {isa = PBXBuildFile; fileRef = D03EBE332CB99DC400BAA865 /* GradesViewModel.swift */; };
		D03EBE362CB99DDB00BAA865 /* LoginView.swift in Sources */ = {isa = PBXBuildFile; fileRef = D03EBE352CB99DDB00BAA865 /* LoginView.swift */; };
		D03EBE382CB99DEB00BAA865 /* HomeView.swift in Sources */ = {isa = PBXBuildFile; fileRef = D03EBE372CB99DEB00BAA865 /* HomeView.swift */; };
		D03EBE3A2CB99E1A00BAA865 /* ScheduleView.swift in Sources */ = {isa = PBXBuildFile; fileRef = D03EBE392CB99E1A00BAA865 /* ScheduleView.swift */; };
		D03EBE3C2CB99E2700BAA865 /* ProfileView.swift in Sources */ = {isa = PBXBuildFile; fileRef = D03EBE3B2CB99E2700BAA865 /* ProfileView.swift */; };
		D03EBE3E2CB99E3D00BAA865 /* GradesView.swift in Sources */ = {isa = PBXBuildFile; fileRef = D03EBE3D2CB99E3D00BAA865 /* GradesView.swift */; };
		D03EBE402CB99E5600BAA865 /* AuthService.swift in Sources */ = {isa = PBXBuildFile; fileRef = D03EBE3F2CB99E5600BAA865 /* AuthService.swift */; };
		D03EBE422CB99E6500BAA865 /* ScheduleService.swift in Sources */ = {isa = PBXBuildFile; fileRef = D03EBE412CB99E6500BAA865 /* ScheduleService.swift */; };
		D03EBE442CB99E7300BAA865 /* GradesService.swift in Sources */ = {isa = PBXBuildFile; fileRef = D03EBE432CB99E7300BAA865 /* GradesService.swift */; };
		D03EBE4C2CB9B21D00BAA865 /* WidgetKit.framework in Frameworks */ = {isa = PBXBuildFile; fileRef = D03EBE4B2CB9B21D00BAA865 /* WidgetKit.framework */; };
		D03EBE4E2CB9B21D00BAA865 /* SwiftUI.framework in Frameworks */ = {isa = PBXBuildFile; fileRef = D03EBE4D2CB9B21D00BAA865 /* SwiftUI.framework */; };
		D03EBE512CB9B21D00BAA865 /* ScheduleWidgetsBundle.swift in Sources */ = {isa = PBXBuildFile; fileRef = D03EBE502CB9B21D00BAA865 /* ScheduleWidgetsBundle.swift */; };
		D03EBE532CB9B21D00BAA865 /* ScheduleWidgets.swift in Sources */ = {isa = PBXBuildFile; fileRef = D03EBE522CB9B21D00BAA865 /* ScheduleWidgets.swift */; };
		D03EBE552CB9B21F00BAA865 /* Assets.xcassets in Resources */ = {isa = PBXBuildFile; fileRef = D03EBE542CB9B21F00BAA865 /* Assets.xcassets */; };
		D03EBE592CB9B21F00BAA865 /* ScheduleWidgetsExtension.appex in Embed Foundation Extensions */ = {isa = PBXBuildFile; fileRef = D03EBE492CB9B21D00BAA865 /* ScheduleWidgetsExtension.appex */; settings = {ATTRIBUTES = (RemoveHeadersOnCopy, ); }; };
		D06530C42CC2BC4400C546E2 /* Inter.ttf in Resources */ = {isa = PBXBuildFile; fileRef = D06530C32CC2BC4400C546E2 /* Inter.ttf */; };
		D06530C52CC2BC4400C546E2 /* Inter.ttf in Resources */ = {isa = PBXBuildFile; fileRef = D06530C32CC2BC4400C546E2 /* Inter.ttf */; };
		D076E3302CC6C9F300A8F981 /* SubjectView.swift in Sources */ = {isa = PBXBuildFile; fileRef = D076E32F2CC6C9F300A8F981 /* SubjectView.swift */; };
		D076E3322CC6CA1600A8F981 /* TableHeaderView.swift in Sources */ = {isa = PBXBuildFile; fileRef = D076E3312CC6CA1600A8F981 /* TableHeaderView.swift */; };
		D076E3342CC6CA5B00A8F981 /* GradeRowView.swift in Sources */ = {isa = PBXBuildFile; fileRef = D076E3332CC6CA5B00A8F981 /* GradeRowView.swift */; };
		D0897F092CFDF36D00FEA4B9 /* GradesResponse.swift in Sources */ = {isa = PBXBuildFile; fileRef = D0897F082CFDF36D00FEA4B9 /* GradesResponse.swift */; };
/* End PBXBuildFile section */

/* Begin PBXContainerItemProxy section */
		D03EBE572CB9B21F00BAA865 /* PBXContainerItemProxy */ = {
			isa = PBXContainerItemProxy;
			containerPortal = D03EBDFC2CB993E800BAA865 /* Project object */;
			proxyType = 1;
			remoteGlobalIDString = D03EBE482CB9B21D00BAA865;
			remoteInfo = ScheduleWidgetsExtension;
		};
/* End PBXContainerItemProxy section */

/* Begin PBXCopyFilesBuildPhase section */
		D03EBE5A2CB9B21F00BAA865 /* Embed Foundation Extensions */ = {
			isa = PBXCopyFilesBuildPhase;
			buildActionMask = 2147483647;
			dstPath = "";
			dstSubfolderSpec = 13;
			files = (
				D03EBE592CB9B21F00BAA865 /* ScheduleWidgetsExtension.appex in Embed Foundation Extensions */,
			);
			name = "Embed Foundation Extensions";
			runOnlyForDeploymentPostprocessing = 0;
		};
/* End PBXCopyFilesBuildPhase section */

/* Begin PBXFileReference section */
		291FA73A2CC55CAA00747E7C /* LessonComponentView.swift */ = {isa = PBXFileReference; lastKnownFileType = sourcecode.swift; path = LessonComponentView.swift; sourceTree = "<group>"; };
		292193552CBE90EA00084BE3 /* Day.swift */ = {isa = PBXFileReference; lastKnownFileType = sourcecode.swift; name = Day.swift; path = frontend/Models/Day.swift; sourceTree = SOURCE_ROOT; };
		297F9D6C2CCA51D9002E41C3 /* utils.swift */ = {isa = PBXFileReference; lastKnownFileType = sourcecode.swift; path = utils.swift; sourceTree = "<group>"; };
		29965F522CC6B34500C43998 /* WeeksScrollComponentView.swift */ = {isa = PBXFileReference; lastKnownFileType = sourcecode.swift; path = WeeksScrollComponentView.swift; sourceTree = "<group>"; };
		29BA08E12CBC369100C7A7BA /* DateComponentView.swift */ = {isa = PBXFileReference; lastKnownFileType = sourcecode.swift; path = DateComponentView.swift; sourceTree = "<group>"; };
		29BA08E42CBC393800C7A7BA /* Inter-VariableFont_opsz,wght.ttf */ = {isa = PBXFileReference; lastKnownFileType = file; path = "Inter-VariableFont_opsz,wght.ttf"; sourceTree = "<group>"; };
		29BA08E72CBC528500C7A7BA /* Info.plist */ = {isa = PBXFileReference; lastKnownFileType = text.plist; path = Info.plist; sourceTree = "<group>"; };
		29BA08E82CBC5BF400C7A7BA /* WeekComponentView.swift */ = {isa = PBXFileReference; lastKnownFileType = sourcecode.swift; path = WeekComponentView.swift; sourceTree = "<group>"; };
		D03EBE042CB993E800BAA865 /* frontend.app */ = {isa = PBXFileReference; explicitFileType = wrapper.application; includeInIndex = 0; path = frontend.app; sourceTree = BUILT_PRODUCTS_DIR; };
		D03EBE072CB993E800BAA865 /* frontendApp.swift */ = {isa = PBXFileReference; lastKnownFileType = sourcecode.swift; path = frontendApp.swift; sourceTree = "<group>"; };
		D03EBE0B2CB993E900BAA865 /* Assets.xcassets */ = {isa = PBXFileReference; lastKnownFileType = folder.assetcatalog; path = Assets.xcassets; sourceTree = "<group>"; };
		D03EBE0E2CB993E900BAA865 /* Preview Assets.xcassets */ = {isa = PBXFileReference; lastKnownFileType = folder.assetcatalog; path = "Preview Assets.xcassets"; sourceTree = "<group>"; };
		D03EBE192CB99A6400BAA865 /* .gitignore */ = {isa = PBXFileReference; lastKnownFileType = text; name = .gitignore; path = frontend/.gitignore; sourceTree = "<group>"; };
		D03EBE252CB99D3F00BAA865 /* User.swift */ = {isa = PBXFileReference; lastKnownFileType = sourcecode.swift; path = User.swift; sourceTree = "<group>"; };
		D03EBE272CB99D5200BAA865 /* Grade.swift */ = {isa = PBXFileReference; lastKnownFileType = sourcecode.swift; path = Grade.swift; sourceTree = "<group>"; };
		D03EBE2B2CB99D7C00BAA865 /* AuthViewModel.swift */ = {isa = PBXFileReference; lastKnownFileType = sourcecode.swift; path = AuthViewModel.swift; sourceTree = "<group>"; };
		D03EBE2D2CB99D8E00BAA865 /* HomeViewModel.swift */ = {isa = PBXFileReference; lastKnownFileType = sourcecode.swift; path = HomeViewModel.swift; sourceTree = "<group>"; };
		D03EBE2F2CB99DA600BAA865 /* ScheduleViewModel.swift */ = {isa = PBXFileReference; lastKnownFileType = sourcecode.swift; path = ScheduleViewModel.swift; sourceTree = "<group>"; };
		D03EBE312CB99DB500BAA865 /* ProfileViewModel.swift */ = {isa = PBXFileReference; lastKnownFileType = sourcecode.swift; path = ProfileViewModel.swift; sourceTree = "<group>"; };
		D03EBE332CB99DC400BAA865 /* GradesViewModel.swift */ = {isa = PBXFileReference; lastKnownFileType = sourcecode.swift; path = GradesViewModel.swift; sourceTree = "<group>"; };
		D03EBE352CB99DDB00BAA865 /* LoginView.swift */ = {isa = PBXFileReference; lastKnownFileType = sourcecode.swift; path = LoginView.swift; sourceTree = "<group>"; };
		D03EBE372CB99DEB00BAA865 /* HomeView.swift */ = {isa = PBXFileReference; lastKnownFileType = sourcecode.swift; path = HomeView.swift; sourceTree = "<group>"; };
		D03EBE392CB99E1A00BAA865 /* ScheduleView.swift */ = {isa = PBXFileReference; lastKnownFileType = sourcecode.swift; path = ScheduleView.swift; sourceTree = "<group>"; };
		D03EBE3B2CB99E2700BAA865 /* ProfileView.swift */ = {isa = PBXFileReference; lastKnownFileType = sourcecode.swift; path = ProfileView.swift; sourceTree = "<group>"; };
		D03EBE3D2CB99E3D00BAA865 /* GradesView.swift */ = {isa = PBXFileReference; lastKnownFileType = sourcecode.swift; path = GradesView.swift; sourceTree = "<group>"; };
		D03EBE3F2CB99E5600BAA865 /* AuthService.swift */ = {isa = PBXFileReference; lastKnownFileType = sourcecode.swift; path = AuthService.swift; sourceTree = "<group>"; };
		D03EBE412CB99E6500BAA865 /* ScheduleService.swift */ = {isa = PBXFileReference; lastKnownFileType = sourcecode.swift; path = ScheduleService.swift; sourceTree = "<group>"; };
		D03EBE432CB99E7300BAA865 /* GradesService.swift */ = {isa = PBXFileReference; lastKnownFileType = sourcecode.swift; path = GradesService.swift; sourceTree = "<group>"; };
		D03EBE492CB9B21D00BAA865 /* ScheduleWidgetsExtension.appex */ = {isa = PBXFileReference; explicitFileType = "wrapper.app-extension"; includeInIndex = 0; path = ScheduleWidgetsExtension.appex; sourceTree = BUILT_PRODUCTS_DIR; };
		D03EBE4B2CB9B21D00BAA865 /* WidgetKit.framework */ = {isa = PBXFileReference; lastKnownFileType = wrapper.framework; name = WidgetKit.framework; path = System/Library/Frameworks/WidgetKit.framework; sourceTree = SDKROOT; };
		D03EBE4D2CB9B21D00BAA865 /* SwiftUI.framework */ = {isa = PBXFileReference; lastKnownFileType = wrapper.framework; name = SwiftUI.framework; path = System/Library/Frameworks/SwiftUI.framework; sourceTree = SDKROOT; };
		D03EBE502CB9B21D00BAA865 /* ScheduleWidgetsBundle.swift */ = {isa = PBXFileReference; lastKnownFileType = sourcecode.swift; path = ScheduleWidgetsBundle.swift; sourceTree = "<group>"; };
		D03EBE522CB9B21D00BAA865 /* ScheduleWidgets.swift */ = {isa = PBXFileReference; lastKnownFileType = sourcecode.swift; path = ScheduleWidgets.swift; sourceTree = "<group>"; };
		D03EBE542CB9B21F00BAA865 /* Assets.xcassets */ = {isa = PBXFileReference; lastKnownFileType = folder.assetcatalog; path = Assets.xcassets; sourceTree = "<group>"; };
		D03EBE562CB9B21F00BAA865 /* Info.plist */ = {isa = PBXFileReference; lastKnownFileType = text.plist.xml; path = Info.plist; sourceTree = "<group>"; };
		D06530C32CC2BC4400C546E2 /* Inter.ttf */ = {isa = PBXFileReference; lastKnownFileType = file; path = Inter.ttf; sourceTree = "<group>"; };
		D06530C62CC2BCFE00C546E2 /* Info.plist */ = {isa = PBXFileReference; lastKnownFileType = text.plist; path = Info.plist; sourceTree = "<group>"; };
		D076E32F2CC6C9F300A8F981 /* SubjectView.swift */ = {isa = PBXFileReference; lastKnownFileType = sourcecode.swift; path = SubjectView.swift; sourceTree = "<group>"; };
		D076E3312CC6CA1600A8F981 /* TableHeaderView.swift */ = {isa = PBXFileReference; lastKnownFileType = sourcecode.swift; path = TableHeaderView.swift; sourceTree = "<group>"; };
		D076E3332CC6CA5B00A8F981 /* GradeRowView.swift */ = {isa = PBXFileReference; lastKnownFileType = sourcecode.swift; path = GradeRowView.swift; sourceTree = "<group>"; };
		D0897F082CFDF36D00FEA4B9 /* GradesResponse.swift */ = {isa = PBXFileReference; lastKnownFileType = sourcecode.swift; path = GradesResponse.swift; sourceTree = "<group>"; };
/* End PBXFileReference section */

/* Begin PBXFrameworksBuildPhase section */
		D03EBE012CB993E800BAA865 /* Frameworks */ = {
			isa = PBXFrameworksBuildPhase;
			buildActionMask = 2147483647;
			files = (
			);
			runOnlyForDeploymentPostprocessing = 0;
		};
		D03EBE462CB9B21D00BAA865 /* Frameworks */ = {
			isa = PBXFrameworksBuildPhase;
			buildActionMask = 2147483647;
			files = (
				D03EBE4E2CB9B21D00BAA865 /* SwiftUI.framework in Frameworks */,
				D03EBE4C2CB9B21D00BAA865 /* WidgetKit.framework in Frameworks */,
			);
			runOnlyForDeploymentPostprocessing = 0;
		};
/* End PBXFrameworksBuildPhase section */

/* Begin PBXGroup section */
		2921932F2CBE8C9400084BE3 /* Schedule */ = {
			isa = PBXGroup;
			children = (
				292193552CBE90EA00084BE3 /* Day.swift */,
			);
			path = Schedule;
			sourceTree = "<group>";
		};
		297F9D6A2CCA514B002E41C3 /* utils */ = {
			isa = PBXGroup;
			children = (
				297F9D6B2CCA516E002E41C3 /* Schedule */,
			);
			path = utils;
			sourceTree = "<group>";
		};
		297F9D6B2CCA516E002E41C3 /* Schedule */ = {
			isa = PBXGroup;
			children = (
				297F9D6C2CCA51D9002E41C3 /* utils.swift */,
			);
			path = Schedule;
			sourceTree = "<group>";
		};
		29BA08E02CBC366400C7A7BA /* components */ = {
			isa = PBXGroup;
			children = (
				29BA08E12CBC369100C7A7BA /* DateComponentView.swift */,
				29BA08E82CBC5BF400C7A7BA /* WeekComponentView.swift */,
				291FA73A2CC55CAA00747E7C /* LessonComponentView.swift */,
				29965F522CC6B34500C43998 /* WeeksScrollComponentView.swift */,
			);
			path = components;
			sourceTree = "<group>";
		};
		29BA08E32CBC38AE00C7A7BA /* Fonts */ = {
			isa = PBXGroup;
			children = (
				29BA08E42CBC393800C7A7BA /* Inter-VariableFont_opsz,wght.ttf */,
			);
			path = Fonts;
			sourceTree = "<group>";
		};
		D03EBDFB2CB993E800BAA865 = {
			isa = PBXGroup;
			children = (
				D03EBE192CB99A6400BAA865 /* .gitignore */,
				D03EBE062CB993E800BAA865 /* frontend */,
				D03EBE4F2CB9B21D00BAA865 /* ScheduleWidgets */,
				D03EBE4A2CB9B21D00BAA865 /* Frameworks */,
				D03EBE052CB993E800BAA865 /* Products */,
			);
			sourceTree = "<group>";
		};
		D03EBE052CB993E800BAA865 /* Products */ = {
			isa = PBXGroup;
			children = (
				D03EBE042CB993E800BAA865 /* frontend.app */,
				D03EBE492CB9B21D00BAA865 /* ScheduleWidgetsExtension.appex */,
			);
			name = Products;
			sourceTree = "<group>";
		};
		D03EBE062CB993E800BAA865 /* frontend */ = {
			isa = PBXGroup;
			children = (
				297F9D6A2CCA514B002E41C3 /* utils */,
				29BA08E72CBC528500C7A7BA /* Info.plist */,
				D03EBE1B2CB99BEA00BAA865 /* Models */,
				D03EBE242CB99CAC00BAA865 /* Views */,
				D03EBE1C2CB99CAC00BAA865 /* ViewModels */,
				D03EBE1E2CB99CAC00BAA865 /* Services */,
				D03EBE1D2CB99CAC00BAA865 /* Resources */,
				D03EBE072CB993E800BAA865 /* frontendApp.swift */,
				D03EBE0D2CB993E900BAA865 /* Preview Content */,
			);
			path = frontend;
			sourceTree = "<group>";
		};
		D03EBE0D2CB993E900BAA865 /* Preview Content */ = {
			isa = PBXGroup;
			children = (
				D03EBE0E2CB993E900BAA865 /* Preview Assets.xcassets */,
			);
			path = "Preview Content";
			sourceTree = "<group>";
		};
		D03EBE1B2CB99BEA00BAA865 /* Models */ = {
			isa = PBXGroup;
			children = (
				2921932F2CBE8C9400084BE3 /* Schedule */,
				D03EBE252CB99D3F00BAA865 /* User.swift */,
				D03EBE272CB99D5200BAA865 /* Grade.swift */,
				D03EBE292CB99D5B00BAA865 /* Schedule.swift */,
				D0897F082CFDF36D00FEA4B9 /* GradesResponse.swift */,
			);
			path = Models;
			sourceTree = "<group>";
		};
		D03EBE1C2CB99CAC00BAA865 /* ViewModels */ = {
			isa = PBXGroup;
			children = (
				D03EBE2B2CB99D7C00BAA865 /* AuthViewModel.swift */,
				D03EBE2D2CB99D8E00BAA865 /* HomeViewModel.swift */,
				D03EBE2F2CB99DA600BAA865 /* ScheduleViewModel.swift */,
				D03EBE312CB99DB500BAA865 /* ProfileViewModel.swift */,
				D03EBE332CB99DC400BAA865 /* GradesViewModel.swift */,
			);
			path = ViewModels;
			sourceTree = "<group>";
		};
		D03EBE1D2CB99CAC00BAA865 /* Resources */ = {
			isa = PBXGroup;
			children = (
				29BA08E32CBC38AE00C7A7BA /* Fonts */,
				D03EBE0B2CB993E900BAA865 /* Assets.xcassets */,
			);
			path = Resources;
			sourceTree = "<group>";
		};
		D03EBE1E2CB99CAC00BAA865 /* Services */ = {
			isa = PBXGroup;
			children = (
				D03EBE3F2CB99E5600BAA865 /* AuthService.swift */,
				D03EBE412CB99E6500BAA865 /* ScheduleService.swift */,
				D03EBE432CB99E7300BAA865 /* GradesService.swift */,
			);
			path = Services;
			sourceTree = "<group>";
		};
		D03EBE1F2CB99CAC00BAA865 /* Auth */ = {
			isa = PBXGroup;
			children = (
				D03EBE352CB99DDB00BAA865 /* LoginView.swift */,
			);
			path = Auth;
			sourceTree = "<group>";
		};
		D03EBE202CB99CAC00BAA865 /* Grades */ = {
			isa = PBXGroup;
			children = (
				D03EBE3D2CB99E3D00BAA865 /* GradesView.swift */,
				D076E3332CC6CA5B00A8F981 /* GradeRowView.swift */,
				D076E3312CC6CA1600A8F981 /* TableHeaderView.swift */,
				D076E32F2CC6C9F300A8F981 /* SubjectView.swift */,
			);
			path = Grades;
			sourceTree = "<group>";
		};
		D03EBE212CB99CAC00BAA865 /* Home */ = {
			isa = PBXGroup;
			children = (
				D03EBE372CB99DEB00BAA865 /* HomeView.swift */,
			);
			path = Home;
			sourceTree = "<group>";
		};
		D03EBE222CB99CAC00BAA865 /* Profile */ = {
			isa = PBXGroup;
			children = (
				D03EBE3B2CB99E2700BAA865 /* ProfileView.swift */,
			);
			path = Profile;
			sourceTree = "<group>";
		};
		D03EBE232CB99CAC00BAA865 /* Schedule */ = {
			isa = PBXGroup;
			children = (
				29BA08E02CBC366400C7A7BA /* components */,
				D03EBE392CB99E1A00BAA865 /* ScheduleView.swift */,
			);
			path = Schedule;
			sourceTree = "<group>";
		};
		D03EBE242CB99CAC00BAA865 /* Views */ = {
			isa = PBXGroup;
			children = (
				D03EBE1F2CB99CAC00BAA865 /* Auth */,
				D03EBE202CB99CAC00BAA865 /* Grades */,
				D03EBE212CB99CAC00BAA865 /* Home */,
				D03EBE222CB99CAC00BAA865 /* Profile */,
				D03EBE232CB99CAC00BAA865 /* Schedule */,
			);
			path = Views;
			sourceTree = "<group>";
		};
		D03EBE4A2CB9B21D00BAA865 /* Frameworks */ = {
			isa = PBXGroup;
			children = (
				D03EBE4B2CB9B21D00BAA865 /* WidgetKit.framework */,
				D03EBE4D2CB9B21D00BAA865 /* SwiftUI.framework */,
			);
			name = Frameworks;
			sourceTree = "<group>";
		};
		D03EBE4F2CB9B21D00BAA865 /* ScheduleWidgets */ = {
			isa = PBXGroup;
			children = (
				D03EBE502CB9B21D00BAA865 /* ScheduleWidgetsBundle.swift */,
				D03EBE522CB9B21D00BAA865 /* ScheduleWidgets.swift */,
				D03EBE542CB9B21F00BAA865 /* Assets.xcassets */,
				D03EBE562CB9B21F00BAA865 /* Info.plist */,
			);
			path = ScheduleWidgets;
			sourceTree = "<group>";
		};
		D06530C22CC2BC2D00C546E2 /* Fonts */ = {
			isa = PBXGroup;
			children = (
				D06530C32CC2BC4400C546E2 /* Inter.ttf */,
			);
			path = Fonts;
			sourceTree = "<group>";
		};
/* End PBXGroup section */

/* Begin PBXNativeTarget section */
		D03EBE032CB993E800BAA865 /* frontend */ = {
			isa = PBXNativeTarget;
			buildConfigurationList = D03EBE122CB993E900BAA865 /* Build configuration list for PBXNativeTarget "frontend" */;
			buildPhases = (
				D03EBE002CB993E800BAA865 /* Sources */,
				D03EBE012CB993E800BAA865 /* Frameworks */,
				D03EBE022CB993E800BAA865 /* Resources */,
				D03EBE5A2CB9B21F00BAA865 /* Embed Foundation Extensions */,
			);
			buildRules = (
			);
			dependencies = (
				D03EBE582CB9B21F00BAA865 /* PBXTargetDependency */,
			);
			name = frontend;
			productName = frontend;
			productReference = D03EBE042CB993E800BAA865 /* frontend.app */;
			productType = "com.apple.product-type.application";
		};
		D03EBE482CB9B21D00BAA865 /* ScheduleWidgetsExtension */ = {
			isa = PBXNativeTarget;
			buildConfigurationList = D03EBE5D2CB9B21F00BAA865 /* Build configuration list for PBXNativeTarget "ScheduleWidgetsExtension" */;
			buildPhases = (
				D03EBE452CB9B21D00BAA865 /* Sources */,
				D03EBE462CB9B21D00BAA865 /* Frameworks */,
				D03EBE472CB9B21D00BAA865 /* Resources */,
			);
			buildRules = (
			);
			dependencies = (
			);
			name = ScheduleWidgetsExtension;
			productName = ScheduleWidgetsExtension;
			productReference = D03EBE492CB9B21D00BAA865 /* ScheduleWidgetsExtension.appex */;
			productType = "com.apple.product-type.app-extension";
		};
/* End PBXNativeTarget section */

/* Begin PBXProject section */
		D03EBDFC2CB993E800BAA865 /* Project object */ = {
			isa = PBXProject;
			attributes = {
				BuildIndependentTargetsInParallel = 1;
				LastSwiftUpdateCheck = 1540;
				LastUpgradeCheck = 1540;
				TargetAttributes = {
					D03EBE032CB993E800BAA865 = {
						CreatedOnToolsVersion = 15.4;
					};
					D03EBE482CB9B21D00BAA865 = {
						CreatedOnToolsVersion = 15.4;
					};
				};
			};
			buildConfigurationList = D03EBDFF2CB993E800BAA865 /* Build configuration list for PBXProject "frontend" */;
			compatibilityVersion = "Xcode 14.0";
			developmentRegion = en;
			hasScannedForEncodings = 0;
			knownRegions = (
				en,
				Base,
			);
			mainGroup = D03EBDFB2CB993E800BAA865;
			productRefGroup = D03EBE052CB993E800BAA865 /* Products */;
			projectDirPath = "";
			projectRoot = "";
			targets = (
				D03EBE032CB993E800BAA865 /* frontend */,
				D03EBE482CB9B21D00BAA865 /* ScheduleWidgetsExtension */,
			);
		};
/* End PBXProject section */

/* Begin PBXResourcesBuildPhase section */
		D03EBE022CB993E800BAA865 /* Resources */ = {
			isa = PBXResourcesBuildPhase;
			buildActionMask = 2147483647;
			files = (
				D03EBE0F2CB993E900BAA865 /* Preview Assets.xcassets in Resources */,
				D03EBE1A2CB99A6400BAA865 /* .gitignore in Resources */,
				29BA08E52CBC393800C7A7BA /* Inter-VariableFont_opsz,wght.ttf in Resources */,
				D03EBE0C2CB993E900BAA865 /* Assets.xcassets in Resources */,
			);
			runOnlyForDeploymentPostprocessing = 0;
		};
		D03EBE472CB9B21D00BAA865 /* Resources */ = {
			isa = PBXResourcesBuildPhase;
			buildActionMask = 2147483647;
			files = (
				29BA08E62CBC393800C7A7BA /* Inter-VariableFont_opsz,wght.ttf in Resources */,
				D03EBE552CB9B21F00BAA865 /* Assets.xcassets in Resources */,
			);
			runOnlyForDeploymentPostprocessing = 0;
		};
/* End PBXResourcesBuildPhase section */

/* Begin PBXSourcesBuildPhase section */
		D03EBE002CB993E800BAA865 /* Sources */ = {
			isa = PBXSourcesBuildPhase;
			buildActionMask = 2147483647;
			files = (
				D03EBE282CB99D5200BAA865 /* Grade.swift in Sources */,
				297F9D6D2CCA51D9002E41C3 /* utils.swift in Sources */,
				D03EBE3C2CB99E2700BAA865 /* ProfileView.swift in Sources */,
				29BA08E22CBC369100C7A7BA /* DateComponentView.swift in Sources */,
				D03EBE442CB99E7300BAA865 /* GradesService.swift in Sources */,
				D03EBE3E2CB99E3D00BAA865 /* GradesView.swift in Sources */,
				D03EBE342CB99DC400BAA865 /* GradesViewModel.swift in Sources */,
				29BA08E92CBC5BF400C7A7BA /* WeekComponentView.swift in Sources */,
				D076E3322CC6CA1600A8F981 /* TableHeaderView.swift in Sources */,
				D03EBE2E2CB99D8E00BAA865 /* HomeViewModel.swift in Sources */,
				D076E3342CC6CA5B00A8F981 /* GradeRowView.swift in Sources */,
				D0897F092CFDF36D00FEA4B9 /* GradesResponse.swift in Sources */,
				D03EBE322CB99DB500BAA865 /* ProfileViewModel.swift in Sources */,
				D076E3302CC6C9F300A8F981 /* SubjectView.swift in Sources */,
				D03EBE302CB99DA600BAA865 /* ScheduleViewModel.swift in Sources */,
				D03EBE3A2CB99E1A00BAA865 /* ScheduleView.swift in Sources */,
				D03EBE2C2CB99D7C00BAA865 /* AuthViewModel.swift in Sources */,
				D03EBE082CB993E800BAA865 /* frontendApp.swift in Sources */,
				29965F532CC6B34500C43998 /* WeeksScrollComponentView.swift in Sources */,
				D03EBE362CB99DDB00BAA865 /* LoginView.swift in Sources */,
				D03EBE382CB99DEB00BAA865 /* HomeView.swift in Sources */,
				292193562CBE90EA00084BE3 /* Day.swift in Sources */,
				D03EBE402CB99E5600BAA865 /* AuthService.swift in Sources */,
				D03EBE422CB99E6500BAA865 /* ScheduleService.swift in Sources */,
				291FA73B2CC55CAA00747E7C /* LessonComponentView.swift in Sources */,
				D03EBE262CB99D3F00BAA865 /* User.swift in Sources */,
			);
			runOnlyForDeploymentPostprocessing = 0;
		};
		D03EBE452CB9B21D00BAA865 /* Sources */ = {
			isa = PBXSourcesBuildPhase;
			buildActionMask = 2147483647;
			files = (
				29BA08EA2CBC5BF400C7A7BA /* WeekComponentView.swift in Sources */,
				297F9D6E2CCA51DB002E41C3 /* utils.swift in Sources */,
				D03EBE532CB9B21D00BAA865 /* ScheduleWidgets.swift in Sources */,
				292193572CBE90EA00084BE3 /* Day.swift in Sources */,
				292193582CBE932B00084BE3 /* DateComponentView.swift in Sources */,
				291FA73C2CC55CAA00747E7C /* LessonComponentView.swift in Sources */,
				D03EBE512CB9B21D00BAA865 /* ScheduleWidgetsBundle.swift in Sources */,
			);
			runOnlyForDeploymentPostprocessing = 0;
		};
/* End PBXSourcesBuildPhase section */

/* Begin PBXTargetDependency section */
		D03EBE582CB9B21F00BAA865 /* PBXTargetDependency */ = {
			isa = PBXTargetDependency;
			target = D03EBE482CB9B21D00BAA865 /* ScheduleWidgetsExtension */;
			targetProxy = D03EBE572CB9B21F00BAA865 /* PBXContainerItemProxy */;
		};
/* End PBXTargetDependency section */

/* Begin XCBuildConfiguration section */
		D03EBE102CB993E900BAA865 /* Debug */ = {
			isa = XCBuildConfiguration;
			buildSettings = {
				ALWAYS_SEARCH_USER_PATHS = NO;
				ASSETCATALOG_COMPILER_GENERATE_SWIFT_ASSET_SYMBOL_EXTENSIONS = YES;
				CLANG_ANALYZER_NONNULL = YES;
				CLANG_ANALYZER_NUMBER_OBJECT_CONVERSION = YES_AGGRESSIVE;
				CLANG_CXX_LANGUAGE_STANDARD = "gnu++20";
				CLANG_ENABLE_MODULES = YES;
				CLANG_ENABLE_OBJC_ARC = YES;
				CLANG_ENABLE_OBJC_WEAK = YES;
				CLANG_WARN_BLOCK_CAPTURE_AUTORELEASING = YES;
				CLANG_WARN_BOOL_CONVERSION = YES;
				CLANG_WARN_COMMA = YES;
				CLANG_WARN_CONSTANT_CONVERSION = YES;
				CLANG_WARN_DEPRECATED_OBJC_IMPLEMENTATIONS = YES;
				CLANG_WARN_DIRECT_OBJC_ISA_USAGE = YES_ERROR;
				CLANG_WARN_DOCUMENTATION_COMMENTS = YES;
				CLANG_WARN_EMPTY_BODY = YES;
				CLANG_WARN_ENUM_CONVERSION = YES;
				CLANG_WARN_INFINITE_RECURSION = YES;
				CLANG_WARN_INT_CONVERSION = YES;
				CLANG_WARN_NON_LITERAL_NULL_CONVERSION = YES;
				CLANG_WARN_OBJC_IMPLICIT_RETAIN_SELF = YES;
				CLANG_WARN_OBJC_LITERAL_CONVERSION = YES;
				CLANG_WARN_OBJC_ROOT_CLASS = YES_ERROR;
				CLANG_WARN_QUOTED_INCLUDE_IN_FRAMEWORK_HEADER = YES;
				CLANG_WARN_RANGE_LOOP_ANALYSIS = YES;
				CLANG_WARN_STRICT_PROTOTYPES = YES;
				CLANG_WARN_SUSPICIOUS_MOVE = YES;
				CLANG_WARN_UNGUARDED_AVAILABILITY = YES_AGGRESSIVE;
				CLANG_WARN_UNREACHABLE_CODE = YES;
				CLANG_WARN__DUPLICATE_METHOD_MATCH = YES;
				COPY_PHASE_STRIP = NO;
				DEBUG_INFORMATION_FORMAT = dwarf;
				ENABLE_STRICT_OBJC_MSGSEND = YES;
				ENABLE_TESTABILITY = YES;
				ENABLE_USER_SCRIPT_SANDBOXING = YES;
				GCC_C_LANGUAGE_STANDARD = gnu17;
				GCC_DYNAMIC_NO_PIC = NO;
				GCC_NO_COMMON_BLOCKS = YES;
				GCC_OPTIMIZATION_LEVEL = 0;
				GCC_PREPROCESSOR_DEFINITIONS = (
					"DEBUG=1",
					"$(inherited)",
				);
				GCC_WARN_64_TO_32_BIT_CONVERSION = YES;
				GCC_WARN_ABOUT_RETURN_TYPE = YES_ERROR;
				GCC_WARN_UNDECLARED_SELECTOR = YES;
				GCC_WARN_UNINITIALIZED_AUTOS = YES_AGGRESSIVE;
				GCC_WARN_UNUSED_FUNCTION = YES;
				GCC_WARN_UNUSED_VARIABLE = YES;
				IPHONEOS_DEPLOYMENT_TARGET = 17.5;
				LOCALIZATION_PREFERS_STRING_CATALOGS = YES;
				MTL_ENABLE_DEBUG_INFO = INCLUDE_SOURCE;
				MTL_FAST_MATH = YES;
				ONLY_ACTIVE_ARCH = YES;
				SDKROOT = iphoneos;
				SWIFT_ACTIVE_COMPILATION_CONDITIONS = "DEBUG $(inherited)";
				SWIFT_OPTIMIZATION_LEVEL = "-Onone";
			};
			name = Debug;
		};
		D03EBE112CB993E900BAA865 /* Release */ = {
			isa = XCBuildConfiguration;
			buildSettings = {
				ALWAYS_SEARCH_USER_PATHS = NO;
				ASSETCATALOG_COMPILER_GENERATE_SWIFT_ASSET_SYMBOL_EXTENSIONS = YES;
				CLANG_ANALYZER_NONNULL = YES;
				CLANG_ANALYZER_NUMBER_OBJECT_CONVERSION = YES_AGGRESSIVE;
				CLANG_CXX_LANGUAGE_STANDARD = "gnu++20";
				CLANG_ENABLE_MODULES = YES;
				CLANG_ENABLE_OBJC_ARC = YES;
				CLANG_ENABLE_OBJC_WEAK = YES;
				CLANG_WARN_BLOCK_CAPTURE_AUTORELEASING = YES;
				CLANG_WARN_BOOL_CONVERSION = YES;
				CLANG_WARN_COMMA = YES;
				CLANG_WARN_CONSTANT_CONVERSION = YES;
				CLANG_WARN_DEPRECATED_OBJC_IMPLEMENTATIONS = YES;
				CLANG_WARN_DIRECT_OBJC_ISA_USAGE = YES_ERROR;
				CLANG_WARN_DOCUMENTATION_COMMENTS = YES;
				CLANG_WARN_EMPTY_BODY = YES;
				CLANG_WARN_ENUM_CONVERSION = YES;
				CLANG_WARN_INFINITE_RECURSION = YES;
				CLANG_WARN_INT_CONVERSION = YES;
				CLANG_WARN_NON_LITERAL_NULL_CONVERSION = YES;
				CLANG_WARN_OBJC_IMPLICIT_RETAIN_SELF = YES;
				CLANG_WARN_OBJC_LITERAL_CONVERSION = YES;
				CLANG_WARN_OBJC_ROOT_CLASS = YES_ERROR;
				CLANG_WARN_QUOTED_INCLUDE_IN_FRAMEWORK_HEADER = YES;
				CLANG_WARN_RANGE_LOOP_ANALYSIS = YES;
				CLANG_WARN_STRICT_PROTOTYPES = YES;
				CLANG_WARN_SUSPICIOUS_MOVE = YES;
				CLANG_WARN_UNGUARDED_AVAILABILITY = YES_AGGRESSIVE;
				CLANG_WARN_UNREACHABLE_CODE = YES;
				CLANG_WARN__DUPLICATE_METHOD_MATCH = YES;
				COPY_PHASE_STRIP = NO;
				DEBUG_INFORMATION_FORMAT = "dwarf-with-dsym";
				ENABLE_NS_ASSERTIONS = NO;
				ENABLE_STRICT_OBJC_MSGSEND = YES;
				ENABLE_USER_SCRIPT_SANDBOXING = YES;
				GCC_C_LANGUAGE_STANDARD = gnu17;
				GCC_NO_COMMON_BLOCKS = YES;
				GCC_WARN_64_TO_32_BIT_CONVERSION = YES;
				GCC_WARN_ABOUT_RETURN_TYPE = YES_ERROR;
				GCC_WARN_UNDECLARED_SELECTOR = YES;
				GCC_WARN_UNINITIALIZED_AUTOS = YES_AGGRESSIVE;
				GCC_WARN_UNUSED_FUNCTION = YES;
				GCC_WARN_UNUSED_VARIABLE = YES;
				IPHONEOS_DEPLOYMENT_TARGET = 17.5;
				LOCALIZATION_PREFERS_STRING_CATALOGS = YES;
				MTL_ENABLE_DEBUG_INFO = NO;
				MTL_FAST_MATH = YES;
				SDKROOT = iphoneos;
				SWIFT_COMPILATION_MODE = wholemodule;
				VALIDATE_PRODUCT = YES;
			};
			name = Release;
		};
		D03EBE132CB993E900BAA865 /* Debug */ = {
			isa = XCBuildConfiguration;
			buildSettings = {
				ALWAYS_EMBED_SWIFT_STANDARD_LIBRARIES = YES;
				ASSETCATALOG_COMPILER_APPICON_NAME = AppIcon;
				ASSETCATALOG_COMPILER_GLOBAL_ACCENT_COLOR_NAME = AccentColor;
				CODE_SIGN_STYLE = Automatic;
				CURRENT_PROJECT_VERSION = 1;
				DEVELOPMENT_ASSET_PATHS = "\"frontend/Preview Content\"";
				ENABLE_PREVIEWS = YES;
				GENERATE_INFOPLIST_FILE = YES;
				INFOPLIST_FILE = frontend/Info.plist;
				INFOPLIST_KEY_UIApplicationSceneManifest_Generation = YES;
				INFOPLIST_KEY_UIApplicationSupportsIndirectInputEvents = YES;
				INFOPLIST_KEY_UILaunchScreen_Generation = YES;
				INFOPLIST_KEY_UISupportedInterfaceOrientations_iPad = "UIInterfaceOrientationPortrait UIInterfaceOrientationPortraitUpsideDown UIInterfaceOrientationLandscapeLeft UIInterfaceOrientationLandscapeRight";
				INFOPLIST_KEY_UISupportedInterfaceOrientations_iPhone = "UIInterfaceOrientationPortrait UIInterfaceOrientationLandscapeLeft UIInterfaceOrientationLandscapeRight";
				LD_RUNPATH_SEARCH_PATHS = (
					"$(inherited)",
					"@executable_path/Frameworks",
				);
				MARKETING_VERSION = 1.0;
				PRODUCT_BUNDLE_IDENTIFIER = "com.mpei-app.frontend";
				PRODUCT_NAME = "$(TARGET_NAME)";
				SWIFT_EMIT_LOC_STRINGS = YES;
				SWIFT_VERSION = 5.0;
				TARGETED_DEVICE_FAMILY = "1,2";
			};
			name = Debug;
		};
		D03EBE142CB993E900BAA865 /* Release */ = {
			isa = XCBuildConfiguration;
			buildSettings = {
				ALWAYS_EMBED_SWIFT_STANDARD_LIBRARIES = YES;
				ASSETCATALOG_COMPILER_APPICON_NAME = AppIcon;
				ASSETCATALOG_COMPILER_GLOBAL_ACCENT_COLOR_NAME = AccentColor;
				CODE_SIGN_STYLE = Automatic;
				CURRENT_PROJECT_VERSION = 1;
				DEVELOPMENT_ASSET_PATHS = "\"frontend/Preview Content\"";
				ENABLE_PREVIEWS = YES;
				GENERATE_INFOPLIST_FILE = YES;
				INFOPLIST_FILE = frontend/Info.plist;
				INFOPLIST_KEY_UIApplicationSceneManifest_Generation = YES;
				INFOPLIST_KEY_UIApplicationSupportsIndirectInputEvents = YES;
				INFOPLIST_KEY_UILaunchScreen_Generation = YES;
				INFOPLIST_KEY_UISupportedInterfaceOrientations_iPad = "UIInterfaceOrientationPortrait UIInterfaceOrientationPortraitUpsideDown UIInterfaceOrientationLandscapeLeft UIInterfaceOrientationLandscapeRight";
				INFOPLIST_KEY_UISupportedInterfaceOrientations_iPhone = "UIInterfaceOrientationPortrait UIInterfaceOrientationLandscapeLeft UIInterfaceOrientationLandscapeRight";
				LD_RUNPATH_SEARCH_PATHS = (
					"$(inherited)",
					"@executable_path/Frameworks",
				);
				MARKETING_VERSION = 1.0;
				PRODUCT_BUNDLE_IDENTIFIER = "com.mpei-app.frontend";
				PRODUCT_NAME = "$(TARGET_NAME)";
				SWIFT_EMIT_LOC_STRINGS = YES;
				SWIFT_VERSION = 5.0;
				TARGETED_DEVICE_FAMILY = "1,2";
			};
			name = Release;
		};
		D03EBE5B2CB9B21F00BAA865 /* Debug */ = {
			isa = XCBuildConfiguration;
			buildSettings = {
				ASSETCATALOG_COMPILER_GLOBAL_ACCENT_COLOR_NAME = AccentColor;
				ASSETCATALOG_COMPILER_WIDGET_BACKGROUND_COLOR_NAME = WidgetBackground;
				CODE_SIGN_STYLE = Automatic;
				CURRENT_PROJECT_VERSION = 1;
				GENERATE_INFOPLIST_FILE = YES;
				INFOPLIST_FILE = ScheduleWidgets/Info.plist;
				INFOPLIST_KEY_CFBundleDisplayName = ScheduleWidgets;
				INFOPLIST_KEY_NSHumanReadableCopyright = "";
				LD_RUNPATH_SEARCH_PATHS = (
					"$(inherited)",
					"@executable_path/Frameworks",
					"@executable_path/../../Frameworks",
				);
				MARKETING_VERSION = 1.0;
				PRODUCT_BUNDLE_IDENTIFIER = "com.mpei-app.frontend.ScheduleWidgets";
				PRODUCT_NAME = "$(TARGET_NAME)";
				SKIP_INSTALL = YES;
				SWIFT_EMIT_LOC_STRINGS = YES;
				SWIFT_VERSION = 5.0;
				TARGETED_DEVICE_FAMILY = "1,2";
			};
			name = Debug;
		};
		D03EBE5C2CB9B21F00BAA865 /* Release */ = {
			isa = XCBuildConfiguration;
			buildSettings = {
				ASSETCATALOG_COMPILER_GLOBAL_ACCENT_COLOR_NAME = AccentColor;
				ASSETCATALOG_COMPILER_WIDGET_BACKGROUND_COLOR_NAME = WidgetBackground;
				CODE_SIGN_STYLE = Automatic;
				CURRENT_PROJECT_VERSION = 1;
				GENERATE_INFOPLIST_FILE = YES;
				INFOPLIST_FILE = ScheduleWidgets/Info.plist;
				INFOPLIST_KEY_CFBundleDisplayName = ScheduleWidgets;
				INFOPLIST_KEY_NSHumanReadableCopyright = "";
				LD_RUNPATH_SEARCH_PATHS = (
					"$(inherited)",
					"@executable_path/Frameworks",
					"@executable_path/../../Frameworks",
				);
				MARKETING_VERSION = 1.0;
				PRODUCT_BUNDLE_IDENTIFIER = "com.mpei-app.frontend.ScheduleWidgets";
				PRODUCT_NAME = "$(TARGET_NAME)";
				SKIP_INSTALL = YES;
				SWIFT_EMIT_LOC_STRINGS = YES;
				SWIFT_VERSION = 5.0;
				TARGETED_DEVICE_FAMILY = "1,2";
			};
			name = Release;
		};
/* End XCBuildConfiguration section */

/* Begin XCConfigurationList section */
		D03EBDFF2CB993E800BAA865 /* Build configuration list for PBXProject "frontend" */ = {
			isa = XCConfigurationList;
			buildConfigurations = (
				D03EBE102CB993E900BAA865 /* Debug */,
				D03EBE112CB993E900BAA865 /* Release */,
			);
			defaultConfigurationIsVisible = 0;
			defaultConfigurationName = Release;
		};
		D03EBE122CB993E900BAA865 /* Build configuration list for PBXNativeTarget "frontend" */ = {
			isa = XCConfigurationList;
			buildConfigurations = (
				D03EBE132CB993E900BAA865 /* Debug */,
				D03EBE142CB993E900BAA865 /* Release */,
			);
			defaultConfigurationIsVisible = 0;
			defaultConfigurationName = Release;
		};
		D03EBE5D2CB9B21F00BAA865 /* Build configuration list for PBXNativeTarget "ScheduleWidgetsExtension" */ = {
			isa = XCConfigurationList;
			buildConfigurations = (
				D03EBE5B2CB9B21F00BAA865 /* Debug */,
				D03EBE5C2CB9B21F00BAA865 /* Release */,
			);
			defaultConfigurationIsVisible = 0;
			defaultConfigurationName = Release;
		};
/* End XCConfigurationList section */
	};
	rootObject = D03EBDFC2CB993E800BAA865 /* Project object */;
}
